// !$*UTF8*$!
{
	archiveVersion = 1;
	classes = {
	};
	objectVersion = 46;
	objects = {

/* Begin PBXBuildFile section */
		EAD636E91E3CDD0C005AD331 /* detailViewController.swift in Sources */ = {isa = PBXBuildFile; fileRef = EAD636E81E3CDD0C005AD331 /* detailViewController.swift */; };
		EAEE63E51E3B4293009EB963 /* AppDelegate.swift in Sources */ = {isa = PBXBuildFile; fileRef = EAEE63E41E3B4293009EB963 /* AppDelegate.swift */; };
		EAEE63E71E3B4293009EB963 /* ViewController.swift in Sources */ = {isa = PBXBuildFile; fileRef = EAEE63E61E3B4293009EB963 /* ViewController.swift */; };
		EAEE63EA1E3B4293009EB963 /* Main.storyboard in Resources */ = {isa = PBXBuildFile; fileRef = EAEE63E81E3B4293009EB963 /* Main.storyboard */; };
		EAEE63EC1E3B4293009EB963 /* Assets.xcassets in Resources */ = {isa = PBXBuildFile; fileRef = EAEE63EB1E3B4293009EB963 /* Assets.xcassets */; };
		EAEE63EF1E3B4293009EB963 /* LaunchScreen.storyboard in Resources */ = {isa = PBXBuildFile; fileRef = EAEE63ED1E3B4293009EB963 /* LaunchScreen.storyboard */; };
		EAEE63F71E3BB876009EB963 /* Meme.swift in Sources */ = {isa = PBXBuildFile; fileRef = EAEE63F61E3BB876009EB963 /* Meme.swift */; };
		EAEE63FD1E3C68D6009EB963 /* MemeTableViewController.swift in Sources */ = {isa = PBXBuildFile; fileRef = EAEE63FC1E3C68D6009EB963 /* MemeTableViewController.swift */; };
		EAEE64011E3CC212009EB963 /* MemeCollectionViewController.swift in Sources */ = {isa = PBXBuildFile; fileRef = EAEE64001E3CC212009EB963 /* MemeCollectionViewController.swift */; };
		EAEE64041E3CC567009EB963 /* MemeCollectionViewCell.swift in Sources */ = {isa = PBXBuildFile; fileRef = EAEE64031E3CC567009EB963 /* MemeCollectionViewCell.swift */; };
/* End PBXBuildFile section */

/* Begin PBXFileReference section */
		EAD636E81E3CDD0C005AD331 /* detailViewController.swift */ = {isa = PBXFileReference; fileEncoding = 4; lastKnownFileType = sourcecode.swift; path = detailViewController.swift; sourceTree = "<group>"; };
		EAEE63E11E3B4293009EB963 /* MemeTest1.app */ = {isa = PBXFileReference; explicitFileType = wrapper.application; includeInIndex = 0; path = MemeTest1.app; sourceTree = BUILT_PRODUCTS_DIR; };
		EAEE63E41E3B4293009EB963 /* AppDelegate.swift */ = {isa = PBXFileReference; lastKnownFileType = sourcecode.swift; path = AppDelegate.swift; sourceTree = "<group>"; };
		EAEE63E61E3B4293009EB963 /* ViewController.swift */ = {isa = PBXFileReference; lastKnownFileType = sourcecode.swift; path = ViewController.swift; sourceTree = "<group>"; };
		EAEE63E91E3B4293009EB963 /* Base */ = {isa = PBXFileReference; lastKnownFileType = file.storyboard; name = Base; path = Base.lproj/Main.storyboard; sourceTree = "<group>"; };
		EAEE63EB1E3B4293009EB963 /* Assets.xcassets */ = {isa = PBXFileReference; lastKnownFileType = folder.assetcatalog; path = Assets.xcassets; sourceTree = "<group>"; };
		EAEE63EE1E3B4293009EB963 /* Base */ = {isa = PBXFileReference; lastKnownFileType = file.storyboard; name = Base; path = Base.lproj/LaunchScreen.storyboard; sourceTree = "<group>"; };
		EAEE63F01E3B4293009EB963 /* Info.plist */ = {isa = PBXFileReference; lastKnownFileType = text.plist.xml; path = Info.plist; sourceTree = "<group>"; };
		EAEE63F61E3BB876009EB963 /* Meme.swift */ = {isa = PBXFileReference; fileEncoding = 4; lastKnownFileType = sourcecode.swift; path = Meme.swift; sourceTree = "<group>"; };
		EAEE63FC1E3C68D6009EB963 /* MemeTableViewController.swift */ = {isa = PBXFileReference; fileEncoding = 4; lastKnownFileType = sourcecode.swift; path = MemeTableViewController.swift; sourceTree = "<group>"; };
		EAEE64001E3CC212009EB963 /* MemeCollectionViewController.swift */ = {isa = PBXFileReference; fileEncoding = 4; lastKnownFileType = sourcecode.swift; path = MemeCollectionViewController.swift; sourceTree = "<group>"; };
		EAEE64031E3CC567009EB963 /* MemeCollectionViewCell.swift */ = {isa = PBXFileReference; fileEncoding = 4; lastKnownFileType = sourcecode.swift; path = MemeCollectionViewCell.swift; sourceTree = "<group>"; };
/* End PBXFileReference section */

/* Begin PBXFrameworksBuildPhase section */
		EAEE63DE1E3B4293009EB963 /* Frameworks */ = {
			isa = PBXFrameworksBuildPhase;
			buildActionMask = 2147483647;
			files = (
			);
			runOnlyForDeploymentPostprocessing = 0;
		};
/* End PBXFrameworksBuildPhase section */

/* Begin PBXGroup section */
		EAEE63D81E3B4293009EB963 = {
			isa = PBXGroup;
			children = (
				EAEE63E31E3B4293009EB963 /* MemeTest1 */,
				EAEE63E21E3B4293009EB963 /* Products */,
			);
			sourceTree = "<group>";
		};
		EAEE63E21E3B4293009EB963 /* Products */ = {
			isa = PBXGroup;
			children = (
				EAEE63E11E3B4293009EB963 /* MemeTest1.app */,
			);
			name = Products;
			sourceTree = "<group>";
		};
		EAEE63E31E3B4293009EB963 /* MemeTest1 */ = {
			isa = PBXGroup;
			children = (
				EAEE63E41E3B4293009EB963 /* AppDelegate.swift */,
				EAEE63E61E3B4293009EB963 /* ViewController.swift */,
				EAEE63E81E3B4293009EB963 /* Main.storyboard */,
				EAEE63EB1E3B4293009EB963 /* Assets.xcassets */,
				EAEE63ED1E3B4293009EB963 /* LaunchScreen.storyboard */,
				EAEE63F01E3B4293009EB963 /* Info.plist */,
				EAEE63F61E3BB876009EB963 /* Meme.swift */,
				EAEE63FC1E3C68D6009EB963 /* MemeTableViewController.swift */,
				EAEE64001E3CC212009EB963 /* MemeCollectionViewController.swift */,
				EAEE64031E3CC567009EB963 /* MemeCollectionViewCell.swift */,
				EAD636E81E3CDD0C005AD331 /* detailViewController.swift */,
			);
			path = MemeTest1;
			sourceTree = "<group>";
		};
/* End PBXGroup section */

/* Begin PBXNativeTarget section */
		EAEE63E01E3B4293009EB963 /* MemeTest1 */ = {
			isa = PBXNativeTarget;
			buildConfigurationList = EAEE63F31E3B4293009EB963 /* Build configuration list for PBXNativeTarget "MemeTest1" */;
			buildPhases = (
				EAEE63DD1E3B4293009EB963 /* Sources */,
				EAEE63DE1E3B4293009EB963 /* Frameworks */,
				EAEE63DF1E3B4293009EB963 /* Resources */,
			);
			buildRules = (
			);
			dependencies = (
			);
			name = MemeTest1;
			productName = MemeTest1;
			productReference = EAEE63E11E3B4293009EB963 /* MemeTest1.app */;
			productType = "com.apple.product-type.application";
		};
/* End PBXNativeTarget section */

/* Begin PBXProject section */
		EAEE63D91E3B4293009EB963 /* Project object */ = {
			isa = PBXProject;
			attributes = {
				LastSwiftUpdateCheck = 0820;
				LastUpgradeCheck = 0820;
				ORGANIZATIONNAME = Hongsun;
				TargetAttributes = {
					EAEE63E01E3B4293009EB963 = {
						CreatedOnToolsVersion = 8.2.1;
						ProvisioningStyle = Automatic;
					};
				};
			};
			buildConfigurationList = EAEE63DC1E3B4293009EB963 /* Build configuration list for PBXProject "MemeTest1" */;
			compatibilityVersion = "Xcode 3.2";
			developmentRegion = English;
			hasScannedForEncodings = 0;
			knownRegions = (
				en,
				Base,
			);
			mainGroup = EAEE63D81E3B4293009EB963;
			productRefGroup = EAEE63E21E3B4293009EB963 /* Products */;
			projectDirPath = "";
			projectRoot = "";
			targets = (
				EAEE63E01E3B4293009EB963 /* MemeTest1 */,
			);
		};
/* End PBXProject section */

/* Begin PBXResourcesBuildPhase section */
		EAEE63DF1E3B4293009EB963 /* Resources */ = {
			isa = PBXResourcesBuildPhase;
			buildActionMask = 2147483647;
			files = (
				EAEE63EF1E3B4293009EB963 /* LaunchScreen.storyboard in Resources */,
				EAEE63EC1E3B4293009EB963 /* Assets.xcassets in Resources */,
				EAEE63EA1E3B4293009EB963 /* Main.storyboard in Resources */,
			);
			runOnlyForDeploymentPostprocessing = 0;
		};
/* End PBXResourcesBuildPhase section */

/* Begin PBXSourcesBuildPhase section */
		EAEE63DD1E3B4293009EB963 /* Sources */ = {
			isa = PBXSourcesBuildPhase;
			buildActionMask = 2147483647;
			files = (
				EAEE63F71E3BB876009EB963 /* Meme.swift in Sources */,
				EAEE63E71E3B4293009EB963 /* ViewController.swift in Sources */,
				EAD636E91E3CDD0C005AD331 /* detailViewController.swift in Sources */,
				EAEE64041E3CC567009EB963 /* MemeCollectionViewCell.swift in Sources */,
				EAEE63E51E3B4293009EB963 /* AppDelegate.swift in Sources */,
				EAEE63FD1E3C68D6009EB963 /* MemeTableViewController.swift in Sources */,
				EAEE64011E3CC212009EB963 /* MemeCollectionViewController.swift in Sources */,
			);
			runOnlyForDeploymentPostprocessing = 0;
		};
/* End PBXSourcesBuildPhase section */

/* Begin PBXVariantGroup section */
		EAEE63E81E3B4293009EB963 /* Main.storyboard */ = {
			isa = PBXVariantGroup;
			children = (
				EAEE63E91E3B4293009EB963 /* Base */,
			);
			name = Main.storyboard;
			sourceTree = "<group>";
		};
		EAEE63ED1E3B4293009EB963 /* LaunchScreen.storyboard */ = {
			isa = PBXVariantGroup;
			children = (
				EAEE63EE1E3B4293009EB963 /* Base */,
			);
			name = LaunchScreen.storyboard;
			sourceTree = "<group>";
		};
/* End PBXVariantGroup section */

/* Begin XCBuildConfiguration section */
		EAEE63F11E3B4293009EB963 /* Debug */ = {
			isa = XCBuildConfiguration;
			buildSettings = {
				ALWAYS_SEARCH_USER_PATHS = NO;
				CLANG_ANALYZER_NONNULL = YES;
				CLANG_CXX_LANGUAGE_STANDARD = "gnu++0x";
				CLANG_CXX_LIBRARY = "libc++";
				CLANG_ENABLE_MODULES = YES;
				CLANG_ENABLE_OBJC_ARC = YES;
				CLANG_WARN_BOOL_CONVERSION = YES;
				CLANG_WARN_CONSTANT_CONVERSION = YES;
				CLANG_WARN_DIRECT_OBJC_ISA_USAGE = YES_ERROR;
				CLANG_WARN_DOCUMENTATION_COMMENTS = YES;
				CLANG_WARN_EMPTY_BODY = YES;
				CLANG_WARN_ENUM_CONVERSION = YES;
				CLANG_WARN_INFINITE_RECURSION = YES;
				CLANG_WARN_INT_CONVERSION = YES;
				CLANG_WARN_OBJC_ROOT_CLASS = YES_ERROR;
				CLANG_WARN_SUSPICIOUS_MOVE = YES;
				CLANG_WARN_UNREACHABLE_CODE = YES;
				CLANG_WARN__DUPLICATE_METHOD_MATCH = YES;
				"CODE_SIGN_IDENTITY[sdk=iphoneos*]" = "iPhone Developer";
				COPY_PHASE_STRIP = NO;
				DEBUG_INFORMATION_FORMAT = dwarf;
				ENABLE_STRICT_OBJC_MSGSEND = YES;
				ENABLE_TESTABILITY = YES;
				GCC_C_LANGUAGE_STANDARD = gnu99;
				GCC_DYNAMIC_NO_PIC = NO;
				GCC_NO_COMMON_BLOCKS = YES;
				GCC_OPTIMIZATION_LEVEL = 0;
				GCC_PREPROCESSOR_DEFINITIONS = (
					"DEBUG=1",
					"$(inherited)",
				);
				GCC_WARN_64_TO_32_BIT_CONVERSION = YES;
				GCC_WARN_ABOUT_RETURN_TYPE = YES_ERROR;
				GCC_WARN_UNDECLARED_SELECTOR = YES;
				GCC_WARN_UNINITIALIZED_AUTOS = YES_AGGRESSIVE;
				GCC_WARN_UNUSED_FUNCTION = YES;
				GCC_WARN_UNUSED_VARIABLE = YES;
				IPHONEOS_DEPLOYMENT_TARGET = 10.2;
				MTL_ENABLE_DEBUG_INFO = YES;
				ONLY_ACTIVE_ARCH = YES;
				SDKROOT = iphoneos;
				SWIFT_ACTIVE_COMPILATION_CONDITIONS = DEBUG;
				SWIFT_OPTIMIZATION_LEVEL = "-Onone";
				TARGETED_DEVICE_FAMILY = "1,2";
			};
			name = Debug;
		};
		EAEE63F21E3B4293009EB963 /* Release */ = {
			isa = XCBuildConfiguration;
			buildSettings = {
				ALWAYS_SEARCH_USER_PATHS = NO;
				CLANG_ANALYZER_NONNULL = YES;
				CLANG_CXX_LANGUAGE_STANDARD = "gnu++0x";
				CLANG_CXX_LIBRARY = "libc++";
				CLANG_ENABLE_MODULES = YES;
				CLANG_ENABLE_OBJC_ARC = YES;
				CLANG_WARN_BOOL_CONVERSION = YES;
				CLANG_WARN_CONSTANT_CONVERSION = YES;
				CLANG_WARN_DIRECT_OBJC_ISA_USAGE = YES_ERROR;
				CLANG_WARN_DOCUMENTATION_COMMENTS = YES;
				CLANG_WARN_EMPTY_BODY = YES;
				CLANG_WARN_ENUM_CONVERSION = YES;
				CLANG_WARN_INFINITE_RECURSION = YES;
				CLANG_WARN_INT_CONVERSION = YES;
				CLANG_WARN_OBJC_ROOT_CLASS = YES_ERROR;
				CLANG_WARN_SUSPICIOUS_MOVE = YES;
				CLANG_WARN_UNREACHABLE_CODE = YES;
				CLANG_WARN__DUPLICATE_METHOD_MATCH = YES;
				"CODE_SIGN_IDENTITY[sdk=iphoneos*]" = "iPhone Developer";
				COPY_PHASE_STRIP = NO;
				DEBUG_INFORMATION_FORMAT = "dwarf-with-dsym";
				ENABLE_NS_ASSERTIONS = NO;
				ENABLE_STRICT_OBJC_MSGSEND = YES;
				GCC_C_LANGUAGE_STANDARD = gnu99;
				GCC_NO_COMMON_BLOCKS = YES;
				GCC_WARN_64_TO_32_BIT_CONVERSION = YES;
				GCC_WARN_ABOUT_RETURN_TYPE = YES_ERROR;
				GCC_WARN_UNDECLARED_SELECTOR = YES;
				GCC_WARN_UNINITIALIZED_AUTOS = YES_AGGRESSIVE;
				GCC_WARN_UNUSED_FUNCTION = YES;
				GCC_WARN_UNUSED_VARIABLE = YES;
				IPHONEOS_DEPLOYMENT_TARGET = 10.2;
				MTL_ENABLE_DEBUG_INFO = NO;
				SDKROOT = iphoneos;
				SWIFT_OPTIMIZATION_LEVEL = "-Owholemodule";
				TARGETED_DEVICE_FAMILY = "1,2";
				VALIDATE_PRODUCT = YES;
			};
			name = Release;
		};
		EAEE63F41E3B4293009EB963 /* Debug */ = {
			isa = XCBuildConfiguration;
			buildSettings = {
				ASSETCATALOG_COMPILER_APPICON_NAME = AppIcon;
				INFOPLIST_FILE = MemeTest1/Info.plist;
				LD_RUNPATH_SEARCH_PATHS = "$(inherited) @executable_path/Frameworks";
				PRODUCT_BUNDLE_IDENTIFIER = Hongsun.MemeTest1;
				PRODUCT_NAME = "$(TARGET_NAME)";
				SWIFT_VERSION = 3.0;
			};
			name = Debug;
		};
		EAEE63F51E3B4293009EB963 /* Release */ = {
			isa = XCBuildConfiguration;
			buildSettings = {
				ASSETCATALOG_COMPILER_APPICON_NAME = AppIcon;
				INFOPLIST_FILE = MemeTest1/Info.plist;
				LD_RUNPATH_SEARCH_PATHS = "$(inherited) @executable_path/Frameworks";
				PRODUCT_BUNDLE_IDENTIFIER = Hongsun.MemeTest1;
				PRODUCT_NAME = "$(TARGET_NAME)";
				SWIFT_VERSION = 3.0;
			};
			name = Release;
		};
/* End XCBuildConfiguration section */

/* Begin XCConfigurationList section */
		EAEE63DC1E3B4293009EB963 /* Build configuration list for PBXProject "MemeTest1" */ = {
			isa = XCConfigurationList;
			buildConfigurations = (
				EAEE63F11E3B4293009EB963 /* Debug */,
				EAEE63F21E3B4293009EB963 /* Release */,
			);
			defaultConfigurationIsVisible = 0;
			defaultConfigurationName = Release;
		};
		EAEE63F31E3B4293009EB963 /* Build configuration list for PBXNativeTarget "MemeTest1" */ = {
			isa = XCConfigurationList;
			buildConfigurations = (
				EAEE63F41E3B4293009EB963 /* Debug */,
				EAEE63F51E3B4293009EB963 /* Release */,
			);
			defaultConfigurationIsVisible = 0;
			defaultConfigurationName = Release;
		};
/* End XCConfigurationList section */
	};
	rootObject = EAEE63D91E3B4293009EB963 /* Project object */;
}
